
Microsoft Visual Studio Solution File, Format Version 12.00
# Visual Studio Version 17
VisualStudioVersion = 17.5.33414.496
MinimumVisualStudioVersion = 10.0.40219.1
Project("{888888A0-9F3D-457C-B088-3A5042F75D52}") = "PasswordGuesserPython", "PasswordGuesserPython\PasswordGuesserPython.pyproj", "{7F10820F-55BE-4890-A69D-6E78E23D9700}"
EndProject
Global
	GlobalSection(SolutionConfigurationPlatforms) = preSolution
		Debug|Any CPU = Debug|Any CPU
		Release|Any CPU = Release|Any CPU
	EndGlobalSection
	GlobalSection(ProjectConfigurationPlatforms) = postSolution
		{7F10820F-55BE-4890-A69D-6E78E23D9700}.Debug|Any CPU.ActiveCfg = Debug|Any CPU
		{7F10820F-55BE-4890-A69D-6E78E23D9700}.Release|Any CPU.ActiveCfg = Release|Any CPU
	EndGlobalSection
	GlobalSection(SolutionProperties) = preSolution
		HideSolutionNode = FALSE
	EndGlobalSection
	GlobalSection(ExtensibilityGlobals) = postSolution
		SolutionGuid = {0BDAE74C-2693-4F98-83C5-2BC2CA0DAED4}
	EndGlobalSection
EndGlobal
